{
  "name": "playwright-axe-accessibility",
  "version": "1.0.0",
  "lockfileVersion": 1,
  "requires": true,
  "dependencies": {
    "@axe-core/playwright": {
      "version": "4.10.2",
      "resolved": "https://registry.npmjs.org/@axe-core/playwright/-/playwright-4.10.2.tgz",
      "integrity": "sha512-6/b5BJjG6hDaRNtgzLIfKr5DfwyiLHO4+ByTLB0cJgWSM8Ll7KqtdblIS6bEkwSF642/Ex91vNqIl3GLXGlceg==",
      "dev": true,
      "requires": {
        "axe-core": "~4.10.3"
      }
    },
    "@playwright/test": {
      "version": "1.54.0",
      "resolved": "https://registry.npmjs.org/@playwright/test/-/test-1.54.0.tgz",
      "integrity": "sha512-6Mnd5daQmLivaLu5kxUg6FxPtXY4sXsS5SUwKjWNy4ISe4pKraNHoFxcsaTFiNUULbjy0Vlb5HT86QuM0Jy1pQ==",
      "dev": true,
      "requires": {
        "playwright": "1.54.0"
      },
      "dependencies": {
        "playwright": {
          "version": "1.54.0",
          "resolved": "https://registry.npmjs.org/playwright/-/playwright-1.54.0.tgz",
          "integrity": "sha512-y9yzHmXRwEUOpghM7XGcA38GjWuTOUMaTIcm/5rHcYVjh5MSp9qQMRRMc/+p1cx+csoPnX4wkxAF61v5VKirxg==",
          "dev": true,
          "requires": {
            "fsevents": "2.3.2",
            "playwright-core": "1.54.0"
          }
        }
      }
    },
    "@types/node": {
      "version": "24.0.13",
      "resolved": "https://registry.npmjs.org/@types/node/-/node-24.0.13.tgz",
      "integrity": "sha512-Qm9OYVOFHFYg3wJoTSrz80hoec5Lia/dPp84do3X7dZvLikQvM1YpmvTBEdIr/e+U8HTkFjLHLnl78K/qjf+jQ==",
      "dev": true,
      "requires": {
        "undici-types": "~7.8.0"
      }
    },
    "axe-core": {
      "version": "4.10.3",
      "resolved": "https://registry.npmjs.org/axe-core/-/axe-core-4.10.3.tgz",
      "integrity": "sha512-Xm7bpRXnDSX2YE2YFfBk2FnF0ep6tmG7xPh8iHee8MIcrgq762Nkce856dYtJYLkuIoYZvGfTs/PbZhideTcEg==",
      "dev": true
    },
    "fsevents": {
      "version": "2.3.2",
      "resolved": "https://registry.npmjs.org/fsevents/-/fsevents-2.3.2.tgz",
      "integrity": "sha512-xiqMQR4xAeHTuB9uWm+fFRcIOgKBMiOBP+eXiyT7jsgVCq1bkVygt00oASowB7EdtpOHaaPgKt812P9ab+DDKA==",
      "dev": true,
      "optional": true
    },
    "playwright-core": {
      "version": "1.54.0",
      "resolved": "https://registry.npmjs.org/playwright-core/-/playwright-core-1.54.0.tgz",
      "integrity": "sha512-uiWpWaJh3R3etpJ0QrpligEMl62Dk1iSAB6NUXylvmQz+e3eipXHDHvOvydDAssb5Oqo0E818qdn0L9GcJSTyA==",
      "dev": true
    },
    "undici-types": {
      "version": "7.8.0",
      "resolved": "https://registry.npmjs.org/undici-types/-/undici-types-7.8.0.tgz",
      "integrity": "sha512-9UJ2xGDvQ43tYyVMpuHlsgApydB8ZKfVYTsLDhXkFL/6gfkp+U8xTGdh8pMJv1SpZna0zxG1DwsKZsreLbXBxw==",
      "dev": true
    }
  }
}
